
Microsoft Visual Studio Solution File, Format Version 12.00
# Visual Studio Version 17
VisualStudioVersion = 17.3.32825.248
MinimumVisualStudioVersion = 10.0.40219.1
Project("{FAE04EC0-301F-11D3-BF4B-00C04F79EFBC}") = "apiProjcet", "apiProjcet.csproj", "{3444DE68-98FC-4EA0-B460-36EEE5254EF3}"
EndProject
Global
	GlobalSection(SolutionConfigurationPlatforms) = preSolution
		Debug|Any CPU = Debug|Any CPU
		Release|Any CPU = Release|Any CPU
	EndGlobalSection
	GlobalSection(ProjectConfigurationPlatforms) = postSolution
		{3444DE68-98FC-4EA0-B460-36EEE5254EF3}.Debug|Any CPU.ActiveCfg = Debug|Any CPU
		{3444DE68-98FC-4EA0-B460-36EEE5254EF3}.Debug|Any CPU.Build.0 = Debug|Any CPU
		{3444DE68-98FC-4EA0-B460-36EEE5254EF3}.Release|Any CPU.ActiveCfg = Release|Any CPU
		{3444DE68-98FC-4EA0-B460-36EEE5254EF3}.Release|Any CPU.Build.0 = Release|Any CPU
	EndGlobalSection
	GlobalSection(SolutionProperties) = preSolution
		HideSolutionNode = FALSE
	EndGlobalSection
	GlobalSection(ExtensibilityGlobals) = postSolution
		SolutionGuid = {74E90405-2BF2-4BCE-8B25-39A8CAE01D6A}
	EndGlobalSection
EndGlobal
